
Microsoft Visual Studio Solution File, Format Version 12.00
# Visual Studio 15
VisualStudioVersion = 15.0.28307.489
MinimumVisualStudioVersion = 10.0.40219.1
Project("{9A19103F-16F7-4668-BE54-9A1E7A4F7556}") = "WebUI", "Study_Buddy\WebUI.csproj", "{8C2D1B63-AC99-468C-80CA-06EFF35164D6}"
EndProject
Project("{9A19103F-16F7-4668-BE54-9A1E7A4F7556}") = "Domain", "DomainModels\Domain.csproj", "{47E76309-B3F5-4562-A643-43EC34202205}"
EndProject
Project("{FAE04EC0-301F-11D3-BF4B-00C04F79EFBC}") = "XUnitTestProject", "XUnitTestProject\XUnitTestProject.csproj", "{B59F15EC-ADD1-4930-8CE4-712DD63C5895}"
	ProjectSection(ProjectDependencies) = postProject
		{47E76309-B3F5-4562-A643-43EC34202205} = {47E76309-B3F5-4562-A643-43EC34202205}
		{8C2D1B63-AC99-468C-80CA-06EFF35164D6} = {8C2D1B63-AC99-468C-80CA-06EFF35164D6}
	EndProjectSection
EndProject
Global
	GlobalSection(SolutionConfigurationPlatforms) = preSolution
		Debug|Any CPU = Debug|Any CPU
		Release|Any CPU = Release|Any CPU
	EndGlobalSection
	GlobalSection(ProjectConfigurationPlatforms) = postSolution
		{8C2D1B63-AC99-468C-80CA-06EFF35164D6}.Debug|Any CPU.ActiveCfg = Debug|Any CPU
		{8C2D1B63-AC99-468C-80CA-06EFF35164D6}.Debug|Any CPU.Build.0 = Debug|Any CPU
		{8C2D1B63-AC99-468C-80CA-06EFF35164D6}.Release|Any CPU.ActiveCfg = Release|Any CPU
		{8C2D1B63-AC99-468C-80CA-06EFF35164D6}.Release|Any CPU.Build.0 = Release|Any CPU
		{47E76309-B3F5-4562-A643-43EC34202205}.Debug|Any CPU.ActiveCfg = Debug|Any CPU
		{47E76309-B3F5-4562-A643-43EC34202205}.Debug|Any CPU.Build.0 = Debug|Any CPU
		{47E76309-B3F5-4562-A643-43EC34202205}.Release|Any CPU.ActiveCfg = Release|Any CPU
		{47E76309-B3F5-4562-A643-43EC34202205}.Release|Any CPU.Build.0 = Release|Any CPU
		{B59F15EC-ADD1-4930-8CE4-712DD63C5895}.Debug|Any CPU.ActiveCfg = Debug|Any CPU
		{B59F15EC-ADD1-4930-8CE4-712DD63C5895}.Debug|Any CPU.Build.0 = Debug|Any CPU
		{B59F15EC-ADD1-4930-8CE4-712DD63C5895}.Release|Any CPU.ActiveCfg = Release|Any CPU
		{B59F15EC-ADD1-4930-8CE4-712DD63C5895}.Release|Any CPU.Build.0 = Release|Any CPU
	EndGlobalSection
	GlobalSection(SolutionProperties) = preSolution
		HideSolutionNode = FALSE
	EndGlobalSection
	GlobalSection(ExtensibilityGlobals) = postSolution
		SolutionGuid = {72F7E1AE-8D60-4E0D-B47D-C670FE9DEAB9}
	EndGlobalSection
EndGlobal
