
Microsoft Visual Studio Solution File, Format Version 12.00
# Visual Studio Version 16
VisualStudioVersion = 16.0.28803.202
MinimumVisualStudioVersion = 10.0.40219.1
Project("{9A19103F-16F7-4668-BE54-9A1E7A4F7556}") = "WebUI", "Study_Buddy\WebUI.csproj", "{8C2D1B63-AC99-468C-80CA-06EFF35164D6}"
EndProject
Project("{9A19103F-16F7-4668-BE54-9A1E7A4F7556}") = "Domain", "DomainModels\Domain.csproj", "{47E76309-B3F5-4562-A643-43EC34202205}"
EndProject
Project("{9A19103F-16F7-4668-BE54-9A1E7A4F7556}") = "XTestProject", "XUnitTestProject\XTestProject.csproj", "{B59F15EC-ADD1-4930-8CE4-712DD63C5895}"
	ProjectSection(ProjectDependencies) = postProject
		{47E76309-B3F5-4562-A643-43EC34202205} = {47E76309-B3F5-4562-A643-43EC34202205}
		{8C2D1B63-AC99-468C-80CA-06EFF35164D6} = {8C2D1B63-AC99-468C-80CA-06EFF35164D6}
	EndProjectSection
EndProject
Project("{FAE04EC0-301F-11D3-BF4B-00C04F79EFBC}") = "Virtual_Assistant", "Virtual Assistant\Virtual_Assistant\Virtual_Assistant.csproj", "{6FDBF9B2-F45F-45B9-AEF5-BBF3A3355EFA}"
EndProject
Project("{FAE04EC0-301F-11D3-BF4B-00C04F79EFBC}") = "Virtual_Assistant.Tests", "Virtual Assistant\Virtual_Assistant.Tests\Virtual_Assistant.Tests.csproj", "{7CC4D908-80C4-4257-BE6E-EA928C71F758}"
EndProject
Global
	GlobalSection(SolutionConfigurationPlatforms) = preSolution
		Debug|Any CPU = Debug|Any CPU
		Debug|ARM = Debug|ARM
		Debug|ARM64 = Debug|ARM64
		Debug|x64 = Debug|x64
		Debug|x86 = Debug|x86
		Release|Any CPU = Release|Any CPU
		Release|ARM = Release|ARM
		Release|ARM64 = Release|ARM64
		Release|x64 = Release|x64
		Release|x86 = Release|x86
	EndGlobalSection
	GlobalSection(ProjectConfigurationPlatforms) = postSolution
		{8C2D1B63-AC99-468C-80CA-06EFF35164D6}.Debug|Any CPU.ActiveCfg = Debug|Any CPU
		{8C2D1B63-AC99-468C-80CA-06EFF35164D6}.Debug|Any CPU.Build.0 = Debug|Any CPU
		{8C2D1B63-AC99-468C-80CA-06EFF35164D6}.Debug|ARM.ActiveCfg = Debug|Any CPU
		{8C2D1B63-AC99-468C-80CA-06EFF35164D6}.Debug|ARM.Build.0 = Debug|Any CPU
		{8C2D1B63-AC99-468C-80CA-06EFF35164D6}.Debug|ARM64.ActiveCfg = Debug|Any CPU
		{8C2D1B63-AC99-468C-80CA-06EFF35164D6}.Debug|ARM64.Build.0 = Debug|Any CPU
		{8C2D1B63-AC99-468C-80CA-06EFF35164D6}.Debug|x64.ActiveCfg = Debug|Any CPU
		{8C2D1B63-AC99-468C-80CA-06EFF35164D6}.Debug|x64.Build.0 = Debug|Any CPU
		{8C2D1B63-AC99-468C-80CA-06EFF35164D6}.Debug|x86.ActiveCfg = Debug|Any CPU
		{8C2D1B63-AC99-468C-80CA-06EFF35164D6}.Debug|x86.Build.0 = Debug|Any CPU
		{8C2D1B63-AC99-468C-80CA-06EFF35164D6}.Release|Any CPU.ActiveCfg = Release|Any CPU
		{8C2D1B63-AC99-468C-80CA-06EFF35164D6}.Release|Any CPU.Build.0 = Release|Any CPU
		{8C2D1B63-AC99-468C-80CA-06EFF35164D6}.Release|ARM.ActiveCfg = Release|Any CPU
		{8C2D1B63-AC99-468C-80CA-06EFF35164D6}.Release|ARM.Build.0 = Release|Any CPU
		{8C2D1B63-AC99-468C-80CA-06EFF35164D6}.Release|ARM64.ActiveCfg = Release|Any CPU
		{8C2D1B63-AC99-468C-80CA-06EFF35164D6}.Release|ARM64.Build.0 = Release|Any CPU
		{8C2D1B63-AC99-468C-80CA-06EFF35164D6}.Release|x64.ActiveCfg = Release|Any CPU
		{8C2D1B63-AC99-468C-80CA-06EFF35164D6}.Release|x64.Build.0 = Release|Any CPU
		{8C2D1B63-AC99-468C-80CA-06EFF35164D6}.Release|x86.ActiveCfg = Release|Any CPU
		{8C2D1B63-AC99-468C-80CA-06EFF35164D6}.Release|x86.Build.0 = Release|Any CPU
		{47E76309-B3F5-4562-A643-43EC34202205}.Debug|Any CPU.ActiveCfg = Debug|Any CPU
		{47E76309-B3F5-4562-A643-43EC34202205}.Debug|Any CPU.Build.0 = Debug|Any CPU
		{47E76309-B3F5-4562-A643-43EC34202205}.Debug|ARM.ActiveCfg = Debug|Any CPU
		{47E76309-B3F5-4562-A643-43EC34202205}.Debug|ARM.Build.0 = Debug|Any CPU
		{47E76309-B3F5-4562-A643-43EC34202205}.Debug|ARM64.ActiveCfg = Debug|Any CPU
		{47E76309-B3F5-4562-A643-43EC34202205}.Debug|ARM64.Build.0 = Debug|Any CPU
		{47E76309-B3F5-4562-A643-43EC34202205}.Debug|x64.ActiveCfg = Debug|Any CPU
		{47E76309-B3F5-4562-A643-43EC34202205}.Debug|x64.Build.0 = Debug|Any CPU
		{47E76309-B3F5-4562-A643-43EC34202205}.Debug|x86.ActiveCfg = Debug|Any CPU
		{47E76309-B3F5-4562-A643-43EC34202205}.Debug|x86.Build.0 = Debug|Any CPU
		{47E76309-B3F5-4562-A643-43EC34202205}.Release|Any CPU.ActiveCfg = Release|Any CPU
		{47E76309-B3F5-4562-A643-43EC34202205}.Release|Any CPU.Build.0 = Release|Any CPU
		{47E76309-B3F5-4562-A643-43EC34202205}.Release|ARM.ActiveCfg = Release|Any CPU
		{47E76309-B3F5-4562-A643-43EC34202205}.Release|ARM.Build.0 = Release|Any CPU
		{47E76309-B3F5-4562-A643-43EC34202205}.Release|ARM64.ActiveCfg = Release|Any CPU
		{47E76309-B3F5-4562-A643-43EC34202205}.Release|ARM64.Build.0 = Release|Any CPU
		{47E76309-B3F5-4562-A643-43EC34202205}.Release|x64.ActiveCfg = Release|Any CPU
		{47E76309-B3F5-4562-A643-43EC34202205}.Release|x64.Build.0 = Release|Any CPU
		{47E76309-B3F5-4562-A643-43EC34202205}.Release|x86.ActiveCfg = Release|Any CPU
		{47E76309-B3F5-4562-A643-43EC34202205}.Release|x86.Build.0 = Release|Any CPU
		{B59F15EC-ADD1-4930-8CE4-712DD63C5895}.Debug|Any CPU.ActiveCfg = Debug|Any CPU
		{B59F15EC-ADD1-4930-8CE4-712DD63C5895}.Debug|Any CPU.Build.0 = Debug|Any CPU
		{B59F15EC-ADD1-4930-8CE4-712DD63C5895}.Debug|ARM.ActiveCfg = Debug|Any CPU
		{B59F15EC-ADD1-4930-8CE4-712DD63C5895}.Debug|ARM.Build.0 = Debug|Any CPU
		{B59F15EC-ADD1-4930-8CE4-712DD63C5895}.Debug|ARM64.ActiveCfg = Debug|Any CPU
		{B59F15EC-ADD1-4930-8CE4-712DD63C5895}.Debug|ARM64.Build.0 = Debug|Any CPU
		{B59F15EC-ADD1-4930-8CE4-712DD63C5895}.Debug|x64.ActiveCfg = Debug|Any CPU
		{B59F15EC-ADD1-4930-8CE4-712DD63C5895}.Debug|x64.Build.0 = Debug|Any CPU
		{B59F15EC-ADD1-4930-8CE4-712DD63C5895}.Debug|x86.ActiveCfg = Debug|Any CPU
		{B59F15EC-ADD1-4930-8CE4-712DD63C5895}.Debug|x86.Build.0 = Debug|Any CPU
		{B59F15EC-ADD1-4930-8CE4-712DD63C5895}.Release|Any CPU.ActiveCfg = Release|Any CPU
		{B59F15EC-ADD1-4930-8CE4-712DD63C5895}.Release|Any CPU.Build.0 = Release|Any CPU
		{B59F15EC-ADD1-4930-8CE4-712DD63C5895}.Release|ARM.ActiveCfg = Release|Any CPU
		{B59F15EC-ADD1-4930-8CE4-712DD63C5895}.Release|ARM.Build.0 = Release|Any CPU
		{B59F15EC-ADD1-4930-8CE4-712DD63C5895}.Release|ARM64.ActiveCfg = Release|Any CPU
		{B59F15EC-ADD1-4930-8CE4-712DD63C5895}.Release|ARM64.Build.0 = Release|Any CPU
		{B59F15EC-ADD1-4930-8CE4-712DD63C5895}.Release|x64.ActiveCfg = Release|Any CPU
		{B59F15EC-ADD1-4930-8CE4-712DD63C5895}.Release|x64.Build.0 = Release|Any CPU
		{B59F15EC-ADD1-4930-8CE4-712DD63C5895}.Release|x86.ActiveCfg = Release|Any CPU
		{B59F15EC-ADD1-4930-8CE4-712DD63C5895}.Release|x86.Build.0 = Release|Any CPU
		{6FDBF9B2-F45F-45B9-AEF5-BBF3A3355EFA}.Debug|Any CPU.ActiveCfg = Debug|Any CPU
		{6FDBF9B2-F45F-45B9-AEF5-BBF3A3355EFA}.Debug|Any CPU.Build.0 = Debug|Any CPU
		{6FDBF9B2-F45F-45B9-AEF5-BBF3A3355EFA}.Debug|ARM.ActiveCfg = Debug|Any CPU
		{6FDBF9B2-F45F-45B9-AEF5-BBF3A3355EFA}.Debug|ARM.Build.0 = Debug|Any CPU
		{6FDBF9B2-F45F-45B9-AEF5-BBF3A3355EFA}.Debug|ARM64.ActiveCfg = Debug|Any CPU
		{6FDBF9B2-F45F-45B9-AEF5-BBF3A3355EFA}.Debug|ARM64.Build.0 = Debug|Any CPU
		{6FDBF9B2-F45F-45B9-AEF5-BBF3A3355EFA}.Debug|x64.ActiveCfg = Debug|Any CPU
		{6FDBF9B2-F45F-45B9-AEF5-BBF3A3355EFA}.Debug|x64.Build.0 = Debug|Any CPU
		{6FDBF9B2-F45F-45B9-AEF5-BBF3A3355EFA}.Debug|x86.ActiveCfg = Debug|Any CPU
		{6FDBF9B2-F45F-45B9-AEF5-BBF3A3355EFA}.Debug|x86.Build.0 = Debug|Any CPU
		{6FDBF9B2-F45F-45B9-AEF5-BBF3A3355EFA}.Release|Any CPU.ActiveCfg = Release|Any CPU
		{6FDBF9B2-F45F-45B9-AEF5-BBF3A3355EFA}.Release|Any CPU.Build.0 = Release|Any CPU
		{6FDBF9B2-F45F-45B9-AEF5-BBF3A3355EFA}.Release|ARM.ActiveCfg = Release|Any CPU
		{6FDBF9B2-F45F-45B9-AEF5-BBF3A3355EFA}.Release|ARM.Build.0 = Release|Any CPU
		{6FDBF9B2-F45F-45B9-AEF5-BBF3A3355EFA}.Release|ARM64.ActiveCfg = Release|Any CPU
		{6FDBF9B2-F45F-45B9-AEF5-BBF3A3355EFA}.Release|ARM64.Build.0 = Release|Any CPU
		{6FDBF9B2-F45F-45B9-AEF5-BBF3A3355EFA}.Release|x64.ActiveCfg = Release|Any CPU
		{6FDBF9B2-F45F-45B9-AEF5-BBF3A3355EFA}.Release|x64.Build.0 = Release|Any CPU
		{6FDBF9B2-F45F-45B9-AEF5-BBF3A3355EFA}.Release|x86.ActiveCfg = Release|Any CPU
		{6FDBF9B2-F45F-45B9-AEF5-BBF3A3355EFA}.Release|x86.Build.0 = Release|Any CPU
		{7CC4D908-80C4-4257-BE6E-EA928C71F758}.Debug|Any CPU.ActiveCfg = Debug|Any CPU
		{7CC4D908-80C4-4257-BE6E-EA928C71F758}.Debug|Any CPU.Build.0 = Debug|Any CPU
		{7CC4D908-80C4-4257-BE6E-EA928C71F758}.Debug|ARM.ActiveCfg = Debug|Any CPU
		{7CC4D908-80C4-4257-BE6E-EA928C71F758}.Debug|ARM.Build.0 = Debug|Any CPU
		{7CC4D908-80C4-4257-BE6E-EA928C71F758}.Debug|ARM64.ActiveCfg = Debug|Any CPU
		{7CC4D908-80C4-4257-BE6E-EA928C71F758}.Debug|ARM64.Build.0 = Debug|Any CPU
		{7CC4D908-80C4-4257-BE6E-EA928C71F758}.Debug|x64.ActiveCfg = Debug|Any CPU
		{7CC4D908-80C4-4257-BE6E-EA928C71F758}.Debug|x64.Build.0 = Debug|Any CPU
		{7CC4D908-80C4-4257-BE6E-EA928C71F758}.Debug|x86.ActiveCfg = Debug|Any CPU
		{7CC4D908-80C4-4257-BE6E-EA928C71F758}.Debug|x86.Build.0 = Debug|Any CPU
		{7CC4D908-80C4-4257-BE6E-EA928C71F758}.Release|Any CPU.ActiveCfg = Release|Any CPU
		{7CC4D908-80C4-4257-BE6E-EA928C71F758}.Release|Any CPU.Build.0 = Release|Any CPU
		{7CC4D908-80C4-4257-BE6E-EA928C71F758}.Release|ARM.ActiveCfg = Release|Any CPU
		{7CC4D908-80C4-4257-BE6E-EA928C71F758}.Release|ARM.Build.0 = Release|Any CPU
		{7CC4D908-80C4-4257-BE6E-EA928C71F758}.Release|ARM64.ActiveCfg = Release|Any CPU
		{7CC4D908-80C4-4257-BE6E-EA928C71F758}.Release|ARM64.Build.0 = Release|Any CPU
		{7CC4D908-80C4-4257-BE6E-EA928C71F758}.Release|x64.ActiveCfg = Release|Any CPU
		{7CC4D908-80C4-4257-BE6E-EA928C71F758}.Release|x64.Build.0 = Release|Any CPU
		{7CC4D908-80C4-4257-BE6E-EA928C71F758}.Release|x86.ActiveCfg = Release|Any CPU
		{7CC4D908-80C4-4257-BE6E-EA928C71F758}.Release|x86.Build.0 = Release|Any CPU
	EndGlobalSection
	GlobalSection(SolutionProperties) = preSolution
		HideSolutionNode = FALSE
	EndGlobalSection
	GlobalSection(ExtensibilityGlobals) = postSolution
		SolutionGuid = {72F7E1AE-8D60-4E0D-B47D-C670FE9DEAB9}
	EndGlobalSection
EndGlobal
